
Microsoft Visual Studio Solution File, Format Version 12.00
# Visual Studio Version 16
VisualStudioVersion = 16.0.29709.97
MinimumVisualStudioVersion = 10.0.40219.1
Project("{2150E333-8FDC-42A3-9474-1A3956D46DE8}") = "Tests", "Tests", "{DF64C4D0-C51E-46C4-B0CE-F27F17A6662F}"
EndProject
Project("{9A19103F-16F7-4668-BE54-9A1E7A4F7556}") = "AMQP.Plugin.RabbitMQ", "AMQP.Plugin.RabbitMQ\AMQP.Plugin.RabbitMQ.csproj", "{D2BBE700-1DB5-421D-BD26-2A5D70E81BBC}"
EndProject
Project("{2150E333-8FDC-42A3-9474-1A3956D46DE8}") = "Plugins", "Plugins", "{3DCE0A93-78AF-4EDD-A71C-2E04E6413E8C}"
EndProject
Project("{9A19103F-16F7-4668-BE54-9A1E7A4F7556}") = "AMQP.Plugin.RabbitMQ.Tests", "AMQP.Plugin.RabbitMQ.Tests\AMQP.Plugin.RabbitMQ.Tests.csproj", "{15A74D8E-3CA9-49FD-ACB3-38D7A9E5A399}"
EndProject
Project("{9A19103F-16F7-4668-BE54-9A1E7A4F7556}") = "AMQP.Plugin.RabbitMQ.IntegrationTests", "AMQP.Plugin.RabbitMQ.IntegrationTests\AMQP.Plugin.RabbitMQ.IntegrationTests.csproj", "{B5396241-80E6-4DF6-BCA0-8E26F9C11627}"
EndProject
Project("{9A19103F-16F7-4668-BE54-9A1E7A4F7556}") = "AMQP.Plugin.Abstractions", "AMQP.Plugin.Abstractions\AMQP.Plugin.Abstractions.csproj", "{F6193EBC-FC4C-45EE-952E-AC2C909F82B3}"
EndProject
Project("{9A19103F-16F7-4668-BE54-9A1E7A4F7556}") = "AMQP.Plugin.Abstractions.Tests", "AMQP.Plugin.Abstractions.Tests\AMQP.Plugin.Abstractions.Tests.csproj", "{50090C5F-3775-486C-83FE-4C5E6864AB16}"
EndProject
Global
	GlobalSection(SolutionConfigurationPlatforms) = preSolution
		Debug|Any CPU = Debug|Any CPU
		Release|Any CPU = Release|Any CPU
	EndGlobalSection
	GlobalSection(ProjectConfigurationPlatforms) = postSolution
		{D2BBE700-1DB5-421D-BD26-2A5D70E81BBC}.Debug|Any CPU.ActiveCfg = Debug|Any CPU
		{D2BBE700-1DB5-421D-BD26-2A5D70E81BBC}.Debug|Any CPU.Build.0 = Debug|Any CPU
		{D2BBE700-1DB5-421D-BD26-2A5D70E81BBC}.Release|Any CPU.ActiveCfg = Release|Any CPU
		{D2BBE700-1DB5-421D-BD26-2A5D70E81BBC}.Release|Any CPU.Build.0 = Release|Any CPU
		{15A74D8E-3CA9-49FD-ACB3-38D7A9E5A399}.Debug|Any CPU.ActiveCfg = Debug|Any CPU
		{15A74D8E-3CA9-49FD-ACB3-38D7A9E5A399}.Debug|Any CPU.Build.0 = Debug|Any CPU
		{15A74D8E-3CA9-49FD-ACB3-38D7A9E5A399}.Release|Any CPU.ActiveCfg = Release|Any CPU
		{15A74D8E-3CA9-49FD-ACB3-38D7A9E5A399}.Release|Any CPU.Build.0 = Release|Any CPU
		{B5396241-80E6-4DF6-BCA0-8E26F9C11627}.Debug|Any CPU.ActiveCfg = Debug|Any CPU
		{B5396241-80E6-4DF6-BCA0-8E26F9C11627}.Debug|Any CPU.Build.0 = Debug|Any CPU
		{B5396241-80E6-4DF6-BCA0-8E26F9C11627}.Release|Any CPU.ActiveCfg = Release|Any CPU
		{B5396241-80E6-4DF6-BCA0-8E26F9C11627}.Release|Any CPU.Build.0 = Release|Any CPU
		{F6193EBC-FC4C-45EE-952E-AC2C909F82B3}.Debug|Any CPU.ActiveCfg = Debug|Any CPU
		{F6193EBC-FC4C-45EE-952E-AC2C909F82B3}.Debug|Any CPU.Build.0 = Debug|Any CPU
		{F6193EBC-FC4C-45EE-952E-AC2C909F82B3}.Release|Any CPU.ActiveCfg = Release|Any CPU
		{F6193EBC-FC4C-45EE-952E-AC2C909F82B3}.Release|Any CPU.Build.0 = Release|Any CPU
		{50090C5F-3775-486C-83FE-4C5E6864AB16}.Debug|Any CPU.ActiveCfg = Debug|Any CPU
		{50090C5F-3775-486C-83FE-4C5E6864AB16}.Debug|Any CPU.Build.0 = Debug|Any CPU
		{50090C5F-3775-486C-83FE-4C5E6864AB16}.Release|Any CPU.ActiveCfg = Release|Any CPU
		{50090C5F-3775-486C-83FE-4C5E6864AB16}.Release|Any CPU.Build.0 = Release|Any CPU
	EndGlobalSection
	GlobalSection(SolutionProperties) = preSolution
		HideSolutionNode = FALSE
	EndGlobalSection
	GlobalSection(NestedProjects) = preSolution
		{D2BBE700-1DB5-421D-BD26-2A5D70E81BBC} = {3DCE0A93-78AF-4EDD-A71C-2E04E6413E8C}
		{15A74D8E-3CA9-49FD-ACB3-38D7A9E5A399} = {DF64C4D0-C51E-46C4-B0CE-F27F17A6662F}
		{B5396241-80E6-4DF6-BCA0-8E26F9C11627} = {DF64C4D0-C51E-46C4-B0CE-F27F17A6662F}
		{50090C5F-3775-486C-83FE-4C5E6864AB16} = {DF64C4D0-C51E-46C4-B0CE-F27F17A6662F}
	EndGlobalSection
	GlobalSection(ExtensibilityGlobals) = postSolution
		SolutionGuid = {9F8AF85C-3B7D-4955-AB19-815CE8A4A6D5}
	EndGlobalSection
EndGlobal
